// !$*UTF8*$!
{
	archiveVersion = 1;
	classes = {
	};
	objectVersion = 46;
	objects = {

/* Begin PBXBuildFile section */
		797729ED1A04213C0060C72D /* main.m in Sources */ = {isa = PBXBuildFile; fileRef = 797729EC1A04213C0060C72D /* main.m */; };
		797729F01A04213C0060C72D /* AppDelegate.m in Sources */ = {isa = PBXBuildFile; fileRef = 797729EF1A04213C0060C72D /* AppDelegate.m */; };
		797729F31A04213C0060C72D /* FirstViewController.m in Sources */ = {isa = PBXBuildFile; fileRef = 797729F21A04213C0060C72D /* FirstViewController.m */; };
		797729F61A04213C0060C72D /* SecondViewController.m in Sources */ = {isa = PBXBuildFile; fileRef = 797729F51A04213C0060C72D /* SecondViewController.m */; };
		797729F91A04213C0060C72D /* Main.storyboard in Resources */ = {isa = PBXBuildFile; fileRef = 797729F71A04213C0060C72D /* Main.storyboard */; };
		797729FB1A04213C0060C72D /* Images.xcassets in Resources */ = {isa = PBXBuildFile; fileRef = 797729FA1A04213C0060C72D /* Images.xcassets */; };
		797729FE1A04213C0060C72D /* LaunchScreen.xib in Resources */ = {isa = PBXBuildFile; fileRef = 797729FC1A04213C0060C72D /* LaunchScreen.xib */; };
		79772A0A1A04213C0060C72D /* MatchedUpTests.m in Sources */ = {isa = PBXBuildFile; fileRef = 79772A091A04213C0060C72D /* MatchedUpTests.m */; };
/* End PBXBuildFile section */

/* Begin PBXContainerItemProxy section */
		79772A041A04213C0060C72D /* PBXContainerItemProxy */ = {
			isa = PBXContainerItemProxy;
			containerPortal = 797729DF1A04213C0060C72D /* Project object */;
			proxyType = 1;
			remoteGlobalIDString = 797729E61A04213C0060C72D;
			remoteInfo = MatchedUp;
		};
/* End PBXContainerItemProxy section */

/* Begin PBXFileReference section */
		797729E71A04213C0060C72D /* MatchedUp.app */ = {isa = PBXFileReference; explicitFileType = wrapper.application; includeInIndex = 0; path = MatchedUp.app; sourceTree = BUILT_PRODUCTS_DIR; };
		797729EB1A04213C0060C72D /* Info.plist */ = {isa = PBXFileReference; lastKnownFileType = text.plist.xml; path = Info.plist; sourceTree = "<group>"; };
		797729EC1A04213C0060C72D /* main.m */ = {isa = PBXFileReference; lastKnownFileType = sourcecode.c.objc; path = main.m; sourceTree = "<group>"; };
		797729EE1A04213C0060C72D /* AppDelegate.h */ = {isa = PBXFileReference; lastKnownFileType = sourcecode.c.h; path = AppDelegate.h; sourceTree = "<group>"; };
		797729EF1A04213C0060C72D /* AppDelegate.m */ = {isa = PBXFileReference; lastKnownFileType = sourcecode.c.objc; path = AppDelegate.m; sourceTree = "<group>"; };
		797729F11A04213C0060C72D /* FirstViewController.h */ = {isa = PBXFileReference; lastKnownFileType = sourcecode.c.h; path = FirstViewController.h; sourceTree = "<group>"; };
		797729F21A04213C0060C72D /* FirstViewController.m */ = {isa = PBXFileReference; lastKnownFileType = sourcecode.c.objc; path = FirstViewController.m; sourceTree = "<group>"; };
		797729F41A04213C0060C72D /* SecondViewController.h */ = {isa = PBXFileReference; lastKnownFileType = sourcecode.c.h; path = SecondViewController.h; sourceTree = "<group>"; };
		797729F51A04213C0060C72D /* SecondViewController.m */ = {isa = PBXFileReference; lastKnownFileType = sourcecode.c.objc; path = SecondViewController.m; sourceTree = "<group>"; };
		797729F81A04213C0060C72D /* Base */ = {isa = PBXFileReference; lastKnownFileType = file.storyboard; name = Base; path = Base.lproj/Main.storyboard; sourceTree = "<group>"; };
		797729FA1A04213C0060C72D /* Images.xcassets */ = {isa = PBXFileReference; lastKnownFileType = folder.assetcatalog; path = Images.xcassets; sourceTree = "<group>"; };
		797729FD1A04213C0060C72D /* Base */ = {isa = PBXFileReference; lastKnownFileType = file.xib; name = Base; path = Base.lproj/LaunchScreen.xib; sourceTree = "<group>"; };
		79772A031A04213C0060C72D /* MatchedUpTests.xctest */ = {isa = PBXFileReference; explicitFileType = wrapper.cfbundle; includeInIndex = 0; path = MatchedUpTests.xctest; sourceTree = BUILT_PRODUCTS_DIR; };
		79772A081A04213C0060C72D /* Info.plist */ = {isa = PBXFileReference; lastKnownFileType = text.plist.xml; path = Info.plist; sourceTree = "<group>"; };
		79772A091A04213C0060C72D /* MatchedUpTests.m */ = {isa = PBXFileReference; lastKnownFileType = sourcecode.c.objc; path = MatchedUpTests.m; sourceTree = "<group>"; };
/* End PBXFileReference section */

/* Begin PBXFrameworksBuildPhase section */
		797729E41A04213C0060C72D /* Frameworks */ = {
			isa = PBXFrameworksBuildPhase;
			buildActionMask = 2147483647;
			files = (
			);
			runOnlyForDeploymentPostprocessing = 0;
		};
		79772A001A04213C0060C72D /* Frameworks */ = {
			isa = PBXFrameworksBuildPhase;
			buildActionMask = 2147483647;
			files = (
			);
			runOnlyForDeploymentPostprocessing = 0;
		};
/* End PBXFrameworksBuildPhase section */

/* Begin PBXGroup section */
		797729DE1A04213C0060C72D = {
			isa = PBXGroup;
			children = (
				797729E91A04213C0060C72D /* MatchedUp */,
				79772A061A04213C0060C72D /* MatchedUpTests */,
				797729E81A04213C0060C72D /* Products */,
			);
			sourceTree = "<group>";
		};
		797729E81A04213C0060C72D /* Products */ = {
			isa = PBXGroup;
			children = (
				797729E71A04213C0060C72D /* MatchedUp.app */,
				79772A031A04213C0060C72D /* MatchedUpTests.xctest */,
			);
			name = Products;
			sourceTree = "<group>";
		};
		797729E91A04213C0060C72D /* MatchedUp */ = {
			isa = PBXGroup;
			children = (
				797729EE1A04213C0060C72D /* AppDelegate.h */,
				797729EF1A04213C0060C72D /* AppDelegate.m */,
				797729F11A04213C0060C72D /* FirstViewController.h */,
				797729F21A04213C0060C72D /* FirstViewController.m */,
				797729F41A04213C0060C72D /* SecondViewController.h */,
				797729F51A04213C0060C72D /* SecondViewController.m */,
				797729F71A04213C0060C72D /* Main.storyboard */,
				797729FA1A04213C0060C72D /* Images.xcassets */,
				797729FC1A04213C0060C72D /* LaunchScreen.xib */,
				797729EA1A04213C0060C72D /* Supporting Files */,
			);
			path = MatchedUp;
			sourceTree = "<group>";
		};
		797729EA1A04213C0060C72D /* Supporting Files */ = {
			isa = PBXGroup;
			children = (
				797729EB1A04213C0060C72D /* Info.plist */,
				797729EC1A04213C0060C72D /* main.m */,
			);
			name = "Supporting Files";
			sourceTree = "<group>";
		};
		79772A061A04213C0060C72D /* MatchedUpTests */ = {
			isa = PBXGroup;
			children = (
				79772A091A04213C0060C72D /* MatchedUpTests.m */,
				79772A071A04213C0060C72D /* Supporting Files */,
			);
			path = MatchedUpTests;
			sourceTree = "<group>";
		};
		79772A071A04213C0060C72D /* Supporting Files */ = {
			isa = PBXGroup;
			children = (
				79772A081A04213C0060C72D /* Info.plist */,
			);
			name = "Supporting Files";
			sourceTree = "<group>";
		};
/* End PBXGroup section */

/* Begin PBXNativeTarget section */
		797729E61A04213C0060C72D /* MatchedUp */ = {
			isa = PBXNativeTarget;
			buildConfigurationList = 79772A0D1A04213C0060C72D /* Build configuration list for PBXNativeTarget "MatchedUp" */;
			buildPhases = (
				797729E31A04213C0060C72D /* Sources */,
				797729E41A04213C0060C72D /* Frameworks */,
				797729E51A04213C0060C72D /* Resources */,
			);
			buildRules = (
			);
			dependencies = (
			);
			name = MatchedUp;
			productName = MatchedUp;
			productReference = 797729E71A04213C0060C72D /* MatchedUp.app */;
			productType = "com.apple.product-type.application";
		};
		79772A021A04213C0060C72D /* MatchedUpTests */ = {
			isa = PBXNativeTarget;
			buildConfigurationList = 79772A101A04213C0060C72D /* Build configuration list for PBXNativeTarget "MatchedUpTests" */;
			buildPhases = (
				797729FF1A04213C0060C72D /* Sources */,
				79772A001A04213C0060C72D /* Frameworks */,
				79772A011A04213C0060C72D /* Resources */,
			);
			buildRules = (
			);
			dependencies = (
				79772A051A04213C0060C72D /* PBXTargetDependency */,
			);
			name = MatchedUpTests;
			productName = MatchedUpTests;
			productReference = 79772A031A04213C0060C72D /* MatchedUpTests.xctest */;
			productType = "com.apple.product-type.bundle.unit-test";
		};
/* End PBXNativeTarget section */

/* Begin PBXProject section */
		797729DF1A04213C0060C72D /* Project object */ = {
			isa = PBXProject;
			attributes = {
				LastUpgradeCheck = 0610;
				ORGANIZATIONNAME = Microfinch;
				TargetAttributes = {
					797729E61A04213C0060C72D = {
						CreatedOnToolsVersion = 6.1;
					};
					79772A021A04213C0060C72D = {
						CreatedOnToolsVersion = 6.1;
						TestTargetID = 797729E61A04213C0060C72D;
					};
				};
			};
			buildConfigurationList = 797729E21A04213C0060C72D /* Build configuration list for PBXProject "MatchedUp" */;
			compatibilityVersion = "Xcode 3.2";
			developmentRegion = English;
			hasScannedForEncodings = 0;
			knownRegions = (
				en,
				Base,
			);
			mainGroup = 797729DE1A04213C0060C72D;
			productRefGroup = 797729E81A04213C0060C72D /* Products */;
			projectDirPath = "";
			projectRoot = "";
			targets = (
				797729E61A04213C0060C72D /* MatchedUp */,
				79772A021A04213C0060C72D /* MatchedUpTests */,
			);
		};
/* End PBXProject section */

/* Begin PBXResourcesBuildPhase section */
		797729E51A04213C0060C72D /* Resources */ = {
			isa = PBXResourcesBuildPhase;
			buildActionMask = 2147483647;
			files = (
				797729F91A04213C0060C72D /* Main.storyboard in Resources */,
				797729FE1A04213C0060C72D /* LaunchScreen.xib in Resources */,
				797729FB1A04213C0060C72D /* Images.xcassets in Resources */,
			);
			runOnlyForDeploymentPostprocessing = 0;
		};
		79772A011A04213C0060C72D /* Resources */ = {
			isa = PBXResourcesBuildPhase;
			buildActionMask = 2147483647;
			files = (
			);
			runOnlyForDeploymentPostprocessing = 0;
		};
/* End PBXResourcesBuildPhase section */

/* Begin PBXSourcesBuildPhase section */
		797729E31A04213C0060C72D /* Sources */ = {
			isa = PBXSourcesBuildPhase;
			buildActionMask = 2147483647;
			files = (
				797729F61A04213C0060C72D /* SecondViewController.m in Sources */,
				797729F01A04213C0060C72D /* AppDelegate.m in Sources */,
				797729F31A04213C0060C72D /* FirstViewController.m in Sources */,
				797729ED1A04213C0060C72D /* main.m in Sources */,
			);
			runOnlyForDeploymentPostprocessing = 0;
		};
		797729FF1A04213C0060C72D /* Sources */ = {
			isa = PBXSourcesBuildPhase;
			buildActionMask = 2147483647;
			files = (
				79772A0A1A04213C0060C72D /* MatchedUpTests.m in Sources */,
			);
			runOnlyForDeploymentPostprocessing = 0;
		};
/* End PBXSourcesBuildPhase section */

/* Begin PBXTargetDependency section */
		79772A051A04213C0060C72D /* PBXTargetDependency */ = {
			isa = PBXTargetDependency;
			target = 797729E61A04213C0060C72D /* MatchedUp */;
			targetProxy = 79772A041A04213C0060C72D /* PBXContainerItemProxy */;
		};
/* End PBXTargetDependency section */

/* Begin PBXVariantGroup section */
		797729F71A04213C0060C72D /* Main.storyboard */ = {
			isa = PBXVariantGroup;
			children = (
				797729F81A04213C0060C72D /* Base */,
			);
			name = Main.storyboard;
			sourceTree = "<group>";
		};
		797729FC1A04213C0060C72D /* LaunchScreen.xib */ = {
			isa = PBXVariantGroup;
			children = (
				797729FD1A04213C0060C72D /* Base */,
			);
			name = LaunchScreen.xib;
			sourceTree = "<group>";
		};
/* End PBXVariantGroup section */

/* Begin XCBuildConfiguration section */
		79772A0B1A04213C0060C72D /* Debug */ = {
			isa = XCBuildConfiguration;
			buildSettings = {
				ALWAYS_SEARCH_USER_PATHS = NO;
				CLANG_CXX_LANGUAGE_STANDARD = "gnu++0x";
				CLANG_CXX_LIBRARY = "libc++";
				CLANG_ENABLE_MODULES = YES;
				CLANG_ENABLE_OBJC_ARC = YES;
				CLANG_WARN_BOOL_CONVERSION = YES;
				CLANG_WARN_CONSTANT_CONVERSION = YES;
				CLANG_WARN_DIRECT_OBJC_ISA_USAGE = YES_ERROR;
				CLANG_WARN_EMPTY_BODY = YES;
				CLANG_WARN_ENUM_CONVERSION = YES;
				CLANG_WARN_INT_CONVERSION = YES;
				CLANG_WARN_OBJC_ROOT_CLASS = YES_ERROR;
				CLANG_WARN_UNREACHABLE_CODE = YES;
				CLANG_WARN__DUPLICATE_METHOD_MATCH = YES;
				"CODE_SIGN_IDENTITY[sdk=iphoneos*]" = "iPhone Developer";
				COPY_PHASE_STRIP = NO;
				ENABLE_STRICT_OBJC_MSGSEND = YES;
				GCC_C_LANGUAGE_STANDARD = gnu99;
				GCC_DYNAMIC_NO_PIC = NO;
				GCC_OPTIMIZATION_LEVEL = 0;
				GCC_PREPROCESSOR_DEFINITIONS = (
					"DEBUG=1",
					"$(inherited)",
				);
				GCC_SYMBOLS_PRIVATE_EXTERN = NO;
				GCC_WARN_64_TO_32_BIT_CONVERSION = YES;
				GCC_WARN_ABOUT_RETURN_TYPE = YES_ERROR;
				GCC_WARN_UNDECLARED_SELECTOR = YES;
				GCC_WARN_UNINITIALIZED_AUTOS = YES_AGGRESSIVE;
				GCC_WARN_UNUSED_FUNCTION = YES;
				GCC_WARN_UNUSED_VARIABLE = YES;
				IPHONEOS_DEPLOYMENT_TARGET = 8.1;
				MTL_ENABLE_DEBUG_INFO = YES;
				ONLY_ACTIVE_ARCH = YES;
				SDKROOT = iphoneos;
			};
			name = Debug;
		};
		79772A0C1A04213C0060C72D /* Release */ = {
			isa = XCBuildConfiguration;
			buildSettings = {
				ALWAYS_SEARCH_USER_PATHS = NO;
				CLANG_CXX_LANGUAGE_STANDARD = "gnu++0x";
				CLANG_CXX_LIBRARY = "libc++";
				CLANG_ENABLE_MODULES = YES;
				CLANG_ENABLE_OBJC_ARC = YES;
				CLANG_WARN_BOOL_CONVERSION = YES;
				CLANG_WARN_CONSTANT_CONVERSION = YES;
				CLANG_WARN_DIRECT_OBJC_ISA_USAGE = YES_ERROR;
				CLANG_WARN_EMPTY_BODY = YES;
				CLANG_WARN_ENUM_CONVERSION = YES;
				CLANG_WARN_INT_CONVERSION = YES;
				CLANG_WARN_OBJC_ROOT_CLASS = YES_ERROR;
				CLANG_WARN_UNREACHABLE_CODE = YES;
				CLANG_WARN__DUPLICATE_METHOD_MATCH = YES;
				"CODE_SIGN_IDENTITY[sdk=iphoneos*]" = "iPhone Developer";
				COPY_PHASE_STRIP = YES;
				ENABLE_NS_ASSERTIONS = NO;
				ENABLE_STRICT_OBJC_MSGSEND = YES;
				GCC_C_LANGUAGE_STANDARD = gnu99;
				GCC_WARN_64_TO_32_BIT_CONVERSION = YES;
				GCC_WARN_ABOUT_RETURN_TYPE = YES_ERROR;
				GCC_WARN_UNDECLARED_SELECTOR = YES;
				GCC_WARN_UNINITIALIZED_AUTOS = YES_AGGRESSIVE;
				GCC_WARN_UNUSED_FUNCTION = YES;
				GCC_WARN_UNUSED_VARIABLE = YES;
				IPHONEOS_DEPLOYMENT_TARGET = 8.1;
				MTL_ENABLE_DEBUG_INFO = NO;
				SDKROOT = iphoneos;
				VALIDATE_PRODUCT = YES;
			};
			name = Release;
		};
		79772A0E1A04213C0060C72D /* Debug */ = {
			isa = XCBuildConfiguration;
			buildSettings = {
				ASSETCATALOG_COMPILER_APPICON_NAME = AppIcon;
				INFOPLIST_FILE = MatchedUp/Info.plist;
				LD_RUNPATH_SEARCH_PATHS = "$(inherited) @executable_path/Frameworks";
				PRODUCT_NAME = "$(TARGET_NAME)";
			};
			name = Debug;
		};
		79772A0F1A04213C0060C72D /* Release */ = {
			isa = XCBuildConfiguration;
			buildSettings = {
				ASSETCATALOG_COMPILER_APPICON_NAME = AppIcon;
				INFOPLIST_FILE = MatchedUp/Info.plist;
				LD_RUNPATH_SEARCH_PATHS = "$(inherited) @executable_path/Frameworks";
				PRODUCT_NAME = "$(TARGET_NAME)";
			};
			name = Release;
		};
		79772A111A04213C0060C72D /* Debug */ = {
			isa = XCBuildConfiguration;
			buildSettings = {
				BUNDLE_LOADER = "$(TEST_HOST)";
				FRAMEWORK_SEARCH_PATHS = (
					"$(SDKROOT)/Developer/Library/Frameworks",
					"$(inherited)",
				);
				GCC_PREPROCESSOR_DEFINITIONS = (
					"DEBUG=1",
					"$(inherited)",
				);
				INFOPLIST_FILE = MatchedUpTests/Info.plist;
				LD_RUNPATH_SEARCH_PATHS = "$(inherited) @executable_path/Frameworks @loader_path/Frameworks";
				PRODUCT_NAME = "$(TARGET_NAME)";
				TEST_HOST = "$(BUILT_PRODUCTS_DIR)/MatchedUp.app/MatchedUp";
			};
			name = Debug;
		};
		79772A121A04213C0060C72D /* Release */ = {
			isa = XCBuildConfiguration;
			buildSettings = {
				BUNDLE_LOADER = "$(TEST_HOST)";
				FRAMEWORK_SEARCH_PATHS = (
					"$(SDKROOT)/Developer/Library/Frameworks",
					"$(inherited)",
				);
				INFOPLIST_FILE = MatchedUpTests/Info.plist;
				LD_RUNPATH_SEARCH_PATHS = "$(inherited) @executable_path/Frameworks @loader_path/Frameworks";
				PRODUCT_NAME = "$(TARGET_NAME)";
				TEST_HOST = "$(BUILT_PRODUCTS_DIR)/MatchedUp.app/MatchedUp";
			};
			name = Release;
		};
/* End XCBuildConfiguration section */

/* Begin XCConfigurationList section */
		797729E21A04213C0060C72D /* Build configuration list for PBXProject "MatchedUp" */ = {
			isa = XCConfigurationList;
			buildConfigurations = (
				79772A0B1A04213C0060C72D /* Debug */,
				79772A0C1A04213C0060C72D /* Release */,
			);
			defaultConfigurationIsVisible = 0;
			defaultConfigurationName = Release;
		};
		79772A0D1A04213C0060C72D /* Build configuration list for PBXNativeTarget "MatchedUp" */ = {
			isa = XCConfigurationList;
			buildConfigurations = (
				79772A0E1A04213C0060C72D /* Debug */,
				79772A0F1A04213C0060C72D /* Release */,
			);
			defaultConfigurationIsVisible = 0;
		};
		79772A101A04213C0060C72D /* Build configuration list for PBXNativeTarget "MatchedUpTests" */ = {
			isa = XCConfigurationList;
			buildConfigurations = (
				79772A111A04213C0060C72D /* Debug */,
				79772A121A04213C0060C72D /* Release */,
			);
			defaultConfigurationIsVisible = 0;
		};
/* End XCConfigurationList section */
	};
	rootObject = 797729DF1A04213C0060C72D /* Project object */;
}
